
Microsoft Visual Studio Solution File, Format Version 12.00
# Visual Studio 2013
VisualStudioVersion = 12.0.21005.1
MinimumVisualStudioVersion = 10.0.40219.1
Project("{FAE04EC0-301F-11D3-BF4B-00C04F79EFBC}") = "01.LeapOrNot", "01.LeapOrNot\01.LeapOrNot.csproj", "{C00534A8-4F61-46DB-9989-494511625869}"
EndProject
Project("{FAE04EC0-301F-11D3-BF4B-00C04F79EFBC}") = "02.TenRandomValues", "02.TenRandomValues\02.TenRandomValues.csproj", "{3063E374-D3A3-4BF4-ACC1-B5DBEC955473}"
EndProject
Project("{FAE04EC0-301F-11D3-BF4B-00C04F79EFBC}") = "03.WhichDayIsToday", "03.WhichDayIsToday\03.WhichDayIsToday.csproj", "{B90C8BF7-60B4-45D8-B873-A1181958BB44}"
EndProject
Project("{FAE04EC0-301F-11D3-BF4B-00C04F79EFBC}") = "04.TriangleSurface", "04.TriangleSurface\04.TriangleSurface.csproj", "{9E7DB6DB-81BF-4A0C-A6F6-507ECD1FF72B}"
EndProject
Project("{FAE04EC0-301F-11D3-BF4B-00C04F79EFBC}") = "05.WorkdaysCount", "05.WorkdaysCount\05.WorkdaysCount.csproj", "{6D43E9FD-7A77-4FD1-B857-D488631B5641}"
EndProject
Project("{FAE04EC0-301F-11D3-BF4B-00C04F79EFBC}") = "06.SumOfNumbersInString", "06.SumOfNumbersInString\06.SumOfNumbersInString.csproj", "{E08163AB-9043-48EB-9455-F2ACC4F746B0}"
EndProject
Global
	GlobalSection(SolutionConfigurationPlatforms) = preSolution
		Debug|Any CPU = Debug|Any CPU
		Release|Any CPU = Release|Any CPU
	EndGlobalSection
	GlobalSection(ProjectConfigurationPlatforms) = postSolution
		{C00534A8-4F61-46DB-9989-494511625869}.Debug|Any CPU.ActiveCfg = Debug|Any CPU
		{C00534A8-4F61-46DB-9989-494511625869}.Debug|Any CPU.Build.0 = Debug|Any CPU
		{C00534A8-4F61-46DB-9989-494511625869}.Release|Any CPU.ActiveCfg = Release|Any CPU
		{C00534A8-4F61-46DB-9989-494511625869}.Release|Any CPU.Build.0 = Release|Any CPU
		{3063E374-D3A3-4BF4-ACC1-B5DBEC955473}.Debug|Any CPU.ActiveCfg = Debug|Any CPU
		{3063E374-D3A3-4BF4-ACC1-B5DBEC955473}.Debug|Any CPU.Build.0 = Debug|Any CPU
		{3063E374-D3A3-4BF4-ACC1-B5DBEC955473}.Release|Any CPU.ActiveCfg = Release|Any CPU
		{3063E374-D3A3-4BF4-ACC1-B5DBEC955473}.Release|Any CPU.Build.0 = Release|Any CPU
		{B90C8BF7-60B4-45D8-B873-A1181958BB44}.Debug|Any CPU.ActiveCfg = Debug|Any CPU
		{B90C8BF7-60B4-45D8-B873-A1181958BB44}.Debug|Any CPU.Build.0 = Debug|Any CPU
		{B90C8BF7-60B4-45D8-B873-A1181958BB44}.Release|Any CPU.ActiveCfg = Release|Any CPU
		{B90C8BF7-60B4-45D8-B873-A1181958BB44}.Release|Any CPU.Build.0 = Release|Any CPU
		{9E7DB6DB-81BF-4A0C-A6F6-507ECD1FF72B}.Debug|Any CPU.ActiveCfg = Debug|Any CPU
		{9E7DB6DB-81BF-4A0C-A6F6-507ECD1FF72B}.Debug|Any CPU.Build.0 = Debug|Any CPU
		{9E7DB6DB-81BF-4A0C-A6F6-507ECD1FF72B}.Release|Any CPU.ActiveCfg = Release|Any CPU
		{9E7DB6DB-81BF-4A0C-A6F6-507ECD1FF72B}.Release|Any CPU.Build.0 = Release|Any CPU
		{6D43E9FD-7A77-4FD1-B857-D488631B5641}.Debug|Any CPU.ActiveCfg = Debug|Any CPU
		{6D43E9FD-7A77-4FD1-B857-D488631B5641}.Debug|Any CPU.Build.0 = Debug|Any CPU
		{6D43E9FD-7A77-4FD1-B857-D488631B5641}.Release|Any CPU.ActiveCfg = Release|Any CPU
		{6D43E9FD-7A77-4FD1-B857-D488631B5641}.Release|Any CPU.Build.0 = Release|Any CPU
		{E08163AB-9043-48EB-9455-F2ACC4F746B0}.Debug|Any CPU.ActiveCfg = Debug|Any CPU
		{E08163AB-9043-48EB-9455-F2ACC4F746B0}.Debug|Any CPU.Build.0 = Debug|Any CPU
		{E08163AB-9043-48EB-9455-F2ACC4F746B0}.Release|Any CPU.ActiveCfg = Release|Any CPU
		{E08163AB-9043-48EB-9455-F2ACC4F746B0}.Release|Any CPU.Build.0 = Release|Any CPU
	EndGlobalSection
	GlobalSection(SolutionProperties) = preSolution
		HideSolutionNode = FALSE
	EndGlobalSection
EndGlobal
